// !$*UTF8*$!
{
	archiveVersion = 1;
	classes = {
	};
	objectVersion = 55;
	objects = {

/* Begin PBXBuildFile section */
		AA01ACE12795C973001913BD /* BluetoothExchangeCountView.swift in Sources */ = {isa = PBXBuildFile; fileRef = AA01ACE02795C973001913BD /* BluetoothExchangeCountView.swift */; };
		AA01ACE32795CB80001913BD /* PlaceCheckInView.swift in Sources */ = {isa = PBXBuildFile; fileRef = AA01ACE22795CB80001913BD /* PlaceCheckInView.swift */; };
		AA0A47DA27737E1600BD5D57 /* TraceTogetherCloneApp.swift in Sources */ = {isa = PBXBuildFile; fileRef = AA0A47D927737E1600BD5D57 /* TraceTogetherCloneApp.swift */; };
		AA0A47DC27737E1600BD5D57 /* ContentView.swift in Sources */ = {isa = PBXBuildFile; fileRef = AA0A47DB27737E1600BD5D57 /* ContentView.swift */; };
		AA0A47DE27737E1700BD5D57 /* Assets.xcassets in Resources */ = {isa = PBXBuildFile; fileRef = AA0A47DD27737E1700BD5D57 /* Assets.xcassets */; };
		AA0A47E127737E1700BD5D57 /* Preview Assets.xcassets in Resources */ = {isa = PBXBuildFile; fileRef = AA0A47E027737E1700BD5D57 /* Preview Assets.xcassets */; };
		AA36541B279074A000EBAACE /* HistoryTabView.swift in Sources */ = {isa = PBXBuildFile; fileRef = AA36541A279074A000EBAACE /* HistoryTabView.swift */; };
		AA4CAE862778DB9100C7D6E5 /* HomeTabView.swift in Sources */ = {isa = PBXBuildFile; fileRef = AA4CAE852778DB9100C7D6E5 /* HomeTabView.swift */; };
		AA5C7CBD277CB1D3000FBEE2 /* HealthStatusView.swift in Sources */ = {isa = PBXBuildFile; fileRef = AA5C7CBC277CB1D3000FBEE2 /* HealthStatusView.swift */; };
		AA5C7CBF277CB266000FBEE2 /* HeaderView.swift in Sources */ = {isa = PBXBuildFile; fileRef = AA5C7CBE277CB266000FBEE2 /* HeaderView.swift */; };
		AA8063F0277387290013AA6F /* MoreTabView.swift in Sources */ = {isa = PBXBuildFile; fileRef = AA8063EF277387290013AA6F /* MoreTabView.swift */; };
		AA98BCD42781E5020096E9AB /* CheckInView.swift in Sources */ = {isa = PBXBuildFile; fileRef = AA98BCD32781E5020096E9AB /* CheckInView.swift */; };
		AAD061C7279B17A700C9C588 /* UploadView.swift in Sources */ = {isa = PBXBuildFile; fileRef = AAD061C6279B17A700C9C588 /* UploadView.swift */; };
		AADB38412776330000AE719B /* HeaderMoreTabView.swift in Sources */ = {isa = PBXBuildFile; fileRef = AADB38402776330000AE719B /* HeaderMoreTabView.swift */; };
		AADB38452776338A00AE719B /* AccountsMoreTabView.swift in Sources */ = {isa = PBXBuildFile; fileRef = AADB38442776338A00AE719B /* AccountsMoreTabView.swift */; };
		AADB3847277635E600AE719B /* HelpFeedbackMoreTabView.swift in Sources */ = {isa = PBXBuildFile; fileRef = AADB3846277635E600AE719B /* HelpFeedbackMoreTabView.swift */; };
		AADB38492776367700AE719B /* OthersMoreTabView.swift in Sources */ = {isa = PBXBuildFile; fileRef = AADB38482776367700AE719B /* OthersMoreTabView.swift */; };
		AADB384B277636DF00AE719B /* AcknowledgementsMoreTabView.swift in Sources */ = {isa = PBXBuildFile; fileRef = AADB384A277636DF00AE719B /* AcknowledgementsMoreTabView.swift */; };
		AAEC752D279319D100BA6EF8 /* TopTabBarView.swift in Sources */ = {isa = PBXBuildFile; fileRef = AAEC752C279319D100BA6EF8 /* TopTabBarView.swift */; };
		AAEC752F27931AB600BA6EF8 /* TopTabBarButton.swift in Sources */ = {isa = PBXBuildFile; fileRef = AAEC752E27931AB600BA6EF8 /* TopTabBarButton.swift */; };
		AAF356AD27947BA200BB1CA0 /* DatePanelView.swift in Sources */ = {isa = PBXBuildFile; fileRef = AAF356AC27947BA200BB1CA0 /* DatePanelView.swift */; };
/* End PBXBuildFile section */

/* Begin PBXFileReference section */
		AA01ACE02795C973001913BD /* BluetoothExchangeCountView.swift */ = {isa = PBXFileReference; lastKnownFileType = sourcecode.swift; path = BluetoothExchangeCountView.swift; sourceTree = "<group>"; };
		AA01ACE22795CB80001913BD /* PlaceCheckInView.swift */ = {isa = PBXFileReference; lastKnownFileType = sourcecode.swift; path = PlaceCheckInView.swift; sourceTree = "<group>"; };
		AA0A47D627737E1600BD5D57 /* TraceTogetherClone.app */ = {isa = PBXFileReference; explicitFileType = wrapper.application; includeInIndex = 0; path = TraceTogetherClone.app; sourceTree = BUILT_PRODUCTS_DIR; };
		AA0A47D927737E1600BD5D57 /* TraceTogetherCloneApp.swift */ = {isa = PBXFileReference; lastKnownFileType = sourcecode.swift; path = TraceTogetherCloneApp.swift; sourceTree = "<group>"; };
		AA0A47DB27737E1600BD5D57 /* ContentView.swift */ = {isa = PBXFileReference; lastKnownFileType = sourcecode.swift; path = ContentView.swift; sourceTree = "<group>"; };
		AA0A47DD27737E1700BD5D57 /* Assets.xcassets */ = {isa = PBXFileReference; lastKnownFileType = folder.assetcatalog; path = Assets.xcassets; sourceTree = "<group>"; };
		AA0A47E027737E1700BD5D57 /* Preview Assets.xcassets */ = {isa = PBXFileReference; lastKnownFileType = folder.assetcatalog; path = "Preview Assets.xcassets"; sourceTree = "<group>"; };
		AA36541A279074A000EBAACE /* HistoryTabView.swift */ = {isa = PBXFileReference; lastKnownFileType = sourcecode.swift; path = HistoryTabView.swift; sourceTree = "<group>"; };
		AA4CAE852778DB9100C7D6E5 /* HomeTabView.swift */ = {isa = PBXFileReference; lastKnownFileType = sourcecode.swift; path = HomeTabView.swift; sourceTree = "<group>"; };
		AA5C7CBC277CB1D3000FBEE2 /* HealthStatusView.swift */ = {isa = PBXFileReference; lastKnownFileType = sourcecode.swift; path = HealthStatusView.swift; sourceTree = "<group>"; };
		AA5C7CBE277CB266000FBEE2 /* HeaderView.swift */ = {isa = PBXFileReference; lastKnownFileType = sourcecode.swift; path = HeaderView.swift; sourceTree = "<group>"; };
		AA8063EF277387290013AA6F /* MoreTabView.swift */ = {isa = PBXFileReference; lastKnownFileType = sourcecode.swift; path = MoreTabView.swift; sourceTree = "<group>"; };
		AA98BCD32781E5020096E9AB /* CheckInView.swift */ = {isa = PBXFileReference; lastKnownFileType = sourcecode.swift; path = CheckInView.swift; sourceTree = "<group>"; };
		AAD061C6279B17A700C9C588 /* UploadView.swift */ = {isa = PBXFileReference; lastKnownFileType = sourcecode.swift; path = UploadView.swift; sourceTree = "<group>"; };
		AADB38402776330000AE719B /* HeaderMoreTabView.swift */ = {isa = PBXFileReference; lastKnownFileType = sourcecode.swift; path = HeaderMoreTabView.swift; sourceTree = "<group>"; };
		AADB38442776338A00AE719B /* AccountsMoreTabView.swift */ = {isa = PBXFileReference; lastKnownFileType = sourcecode.swift; path = AccountsMoreTabView.swift; sourceTree = "<group>"; };
		AADB3846277635E600AE719B /* HelpFeedbackMoreTabView.swift */ = {isa = PBXFileReference; lastKnownFileType = sourcecode.swift; path = HelpFeedbackMoreTabView.swift; sourceTree = "<group>"; };
		AADB38482776367700AE719B /* OthersMoreTabView.swift */ = {isa = PBXFileReference; lastKnownFileType = sourcecode.swift; path = OthersMoreTabView.swift; sourceTree = "<group>"; };
		AADB384A277636DF00AE719B /* AcknowledgementsMoreTabView.swift */ = {isa = PBXFileReference; lastKnownFileType = sourcecode.swift; path = AcknowledgementsMoreTabView.swift; sourceTree = "<group>"; };
		AAEC752C279319D100BA6EF8 /* TopTabBarView.swift */ = {isa = PBXFileReference; lastKnownFileType = sourcecode.swift; path = TopTabBarView.swift; sourceTree = "<group>"; };
		AAEC752E27931AB600BA6EF8 /* TopTabBarButton.swift */ = {isa = PBXFileReference; lastKnownFileType = sourcecode.swift; path = TopTabBarButton.swift; sourceTree = "<group>"; };
		AAF356AC27947BA200BB1CA0 /* DatePanelView.swift */ = {isa = PBXFileReference; lastKnownFileType = sourcecode.swift; path = DatePanelView.swift; sourceTree = "<group>"; };
/* End PBXFileReference section */

/* Begin PBXFrameworksBuildPhase section */
		AA0A47D327737E1600BD5D57 /* Frameworks */ = {
			isa = PBXFrameworksBuildPhase;
			buildActionMask = 2147483647;
			files = (
			);
			runOnlyForDeploymentPostprocessing = 0;
		};
/* End PBXFrameworksBuildPhase section */

/* Begin PBXGroup section */
		AA0A47CD27737E1600BD5D57 = {
			isa = PBXGroup;
			children = (
				AA0A47D827737E1600BD5D57 /* TraceTogetherClone */,
				AA0A47D727737E1600BD5D57 /* Products */,
			);
			sourceTree = "<group>";
		};
		AA0A47D727737E1600BD5D57 /* Products */ = {
			isa = PBXGroup;
			children = (
				AA0A47D627737E1600BD5D57 /* TraceTogetherClone.app */,
			);
			name = Products;
			sourceTree = "<group>";
		};
		AA0A47D827737E1600BD5D57 /* TraceTogetherClone */ = {
			isa = PBXGroup;
			children = (
				AA0A47D927737E1600BD5D57 /* TraceTogetherCloneApp.swift */,
				AA0A47DB27737E1600BD5D57 /* ContentView.swift */,
				AA8063ED277386F40013AA6F /* Tabs */,
				AA0A47DD27737E1700BD5D57 /* Assets.xcassets */,
				AA0A47DF27737E1700BD5D57 /* Preview Content */,
			);
			path = TraceTogetherClone;
			sourceTree = "<group>";
		};
		AA0A47DF27737E1700BD5D57 /* Preview Content */ = {
			isa = PBXGroup;
			children = (
				AA0A47E027737E1700BD5D57 /* Preview Assets.xcassets */,
			);
			path = "Preview Content";
			sourceTree = "<group>";
		};
		AA3654192790748200EBAACE /* History */ = {
			isa = PBXGroup;
			children = (
				AA36541A279074A000EBAACE /* HistoryTabView.swift */,
				AAEC752C279319D100BA6EF8 /* TopTabBarView.swift */,
				AAEC752E27931AB600BA6EF8 /* TopTabBarButton.swift */,
				AAF356AC27947BA200BB1CA0 /* DatePanelView.swift */,
				AA01ACE02795C973001913BD /* BluetoothExchangeCountView.swift */,
				AA01ACE22795CB80001913BD /* PlaceCheckInView.swift */,
			);
			name = History;
			sourceTree = "<group>";
		};
		AA4CAE832778DB6B00C7D6E5 /* Home */ = {
			isa = PBXGroup;
			children = (
				AA4CAE852778DB9100C7D6E5 /* HomeTabView.swift */,
				AA5C7CBC277CB1D3000FBEE2 /* HealthStatusView.swift */,
				AA5C7CBE277CB266000FBEE2 /* HeaderView.swift */,
				AA98BCD32781E5020096E9AB /* CheckInView.swift */,
			);
			name = Home;
			sourceTree = "<group>";
		};
		AA8063ED277386F40013AA6F /* Tabs */ = {
			isa = PBXGroup;
			children = (
				AAD061C5279B179400C9C588 /* Upload */,
				AA3654192790748200EBAACE /* History */,
				AA4CAE832778DB6B00C7D6E5 /* Home */,
				AA8063EE277387010013AA6F /* More */,
			);
			name = Tabs;
			sourceTree = "<group>";
		};
		AA8063EE277387010013AA6F /* More */ = {
			isa = PBXGroup;
			children = (
				AA8063EF277387290013AA6F /* MoreTabView.swift */,
				AADB38402776330000AE719B /* HeaderMoreTabView.swift */,
				AADB38442776338A00AE719B /* AccountsMoreTabView.swift */,
				AADB3846277635E600AE719B /* HelpFeedbackMoreTabView.swift */,
				AADB38482776367700AE719B /* OthersMoreTabView.swift */,
				AADB384A277636DF00AE719B /* AcknowledgementsMoreTabView.swift */,
			);
			name = More;
			sourceTree = "<group>";
		};
		AAD061C5279B179400C9C588 /* Upload */ = {
			isa = PBXGroup;
			children = (
				AAD061C6279B17A700C9C588 /* UploadView.swift */,
			);
			name = Upload;
			sourceTree = "<group>";
		};
/* End PBXGroup section */

/* Begin PBXNativeTarget section */
		AA0A47D527737E1600BD5D57 /* TraceTogetherClone */ = {
			isa = PBXNativeTarget;
			buildConfigurationList = AA0A47E427737E1700BD5D57 /* Build configuration list for PBXNativeTarget "TraceTogetherClone" */;
			buildPhases = (
				AA0A47D227737E1600BD5D57 /* Sources */,
				AA0A47D327737E1600BD5D57 /* Frameworks */,
				AA0A47D427737E1600BD5D57 /* Resources */,
			);
			buildRules = (
			);
			dependencies = (
			);
			name = TraceTogetherClone;
			productName = TraceTogetherClone;
			productReference = AA0A47D627737E1600BD5D57 /* TraceTogetherClone.app */;
			productType = "com.apple.product-type.application";
		};
/* End PBXNativeTarget section */

/* Begin PBXProject section */
		AA0A47CE27737E1600BD5D57 /* Project object */ = {
			isa = PBXProject;
			attributes = {
				BuildIndependentTargetsInParallel = 1;
				LastSwiftUpdateCheck = 1300;
				LastUpgradeCheck = 1300;
				TargetAttributes = {
					AA0A47D527737E1600BD5D57 = {
						CreatedOnToolsVersion = 13.0;
					};
				};
			};
			buildConfigurationList = AA0A47D127737E1600BD5D57 /* Build configuration list for PBXProject "TraceTogetherClone" */;
			compatibilityVersion = "Xcode 13.0";
			developmentRegion = en;
			hasScannedForEncodings = 0;
			knownRegions = (
				en,
				Base,
			);
			mainGroup = AA0A47CD27737E1600BD5D57;
			productRefGroup = AA0A47D727737E1600BD5D57 /* Products */;
			projectDirPath = "";
			projectRoot = "";
			targets = (
				AA0A47D527737E1600BD5D57 /* TraceTogetherClone */,
			);
		};
/* End PBXProject section */

/* Begin PBXResourcesBuildPhase section */
		AA0A47D427737E1600BD5D57 /* Resources */ = {
			isa = PBXResourcesBuildPhase;
			buildActionMask = 2147483647;
			files = (
				AA0A47E127737E1700BD5D57 /* Preview Assets.xcassets in Resources */,
				AA0A47DE27737E1700BD5D57 /* Assets.xcassets in Resources */,
			);
			runOnlyForDeploymentPostprocessing = 0;
		};
/* End PBXResourcesBuildPhase section */

/* Begin PBXSourcesBuildPhase section */
		AA0A47D227737E1600BD5D57 /* Sources */ = {
			isa = PBXSourcesBuildPhase;
			buildActionMask = 2147483647;
			files = (
				AADB38412776330000AE719B /* HeaderMoreTabView.swift in Sources */,
				AA0A47DC27737E1600BD5D57 /* ContentView.swift in Sources */,
				AA36541B279074A000EBAACE /* HistoryTabView.swift in Sources */,
				AA0A47DA27737E1600BD5D57 /* TraceTogetherCloneApp.swift in Sources */,
				AA4CAE862778DB9100C7D6E5 /* HomeTabView.swift in Sources */,
				AA8063F0277387290013AA6F /* MoreTabView.swift in Sources */,
				AAEC752D279319D100BA6EF8 /* TopTabBarView.swift in Sources */,
				AAF356AD27947BA200BB1CA0 /* DatePanelView.swift in Sources */,
				AA01ACE32795CB80001913BD /* PlaceCheckInView.swift in Sources */,
				AADB384B277636DF00AE719B /* AcknowledgementsMoreTabView.swift in Sources */,
				AA01ACE12795C973001913BD /* BluetoothExchangeCountView.swift in Sources */,
				AADB38452776338A00AE719B /* AccountsMoreTabView.swift in Sources */,
				AAEC752F27931AB600BA6EF8 /* TopTabBarButton.swift in Sources */,
				AA5C7CBF277CB266000FBEE2 /* HeaderView.swift in Sources */,
				AA98BCD42781E5020096E9AB /* CheckInView.swift in Sources */,
				AADB3847277635E600AE719B /* HelpFeedbackMoreTabView.swift in Sources */,
				AA5C7CBD277CB1D3000FBEE2 /* HealthStatusView.swift in Sources */,
				AAD061C7279B17A700C9C588 /* UploadView.swift in Sources */,
				AADB38492776367700AE719B /* OthersMoreTabView.swift in Sources */,
			);
			runOnlyForDeploymentPostprocessing = 0;
		};
/* End PBXSourcesBuildPhase section */

/* Begin XCBuildConfiguration section */
		AA0A47E227737E1700BD5D57 /* Debug */ = {
			isa = XCBuildConfiguration;
			buildSettings = {
				ALWAYS_SEARCH_USER_PATHS = NO;
				CLANG_ANALYZER_NONNULL = YES;
				CLANG_ANALYZER_NUMBER_OBJECT_CONVERSION = YES_AGGRESSIVE;
				CLANG_CXX_LANGUAGE_STANDARD = "gnu++17";
				CLANG_CXX_LIBRARY = "libc++";
				CLANG_ENABLE_MODULES = YES;
				CLANG_ENABLE_OBJC_ARC = YES;
				CLANG_ENABLE_OBJC_WEAK = YES;
				CLANG_WARN_BLOCK_CAPTURE_AUTORELEASING = YES;
				CLANG_WARN_BOOL_CONVERSION = YES;
				CLANG_WARN_COMMA = YES;
				CLANG_WARN_CONSTANT_CONVERSION = YES;
				CLANG_WARN_DEPRECATED_OBJC_IMPLEMENTATIONS = YES;
				CLANG_WARN_DIRECT_OBJC_ISA_USAGE = YES_ERROR;
				CLANG_WARN_DOCUMENTATION_COMMENTS = YES;
				CLANG_WARN_EMPTY_BODY = YES;
				CLANG_WARN_ENUM_CONVERSION = YES;
				CLANG_WARN_INFINITE_RECURSION = YES;
				CLANG_WARN_INT_CONVERSION = YES;
				CLANG_WARN_NON_LITERAL_NULL_CONVERSION = YES;
				CLANG_WARN_OBJC_IMPLICIT_RETAIN_SELF = YES;
				CLANG_WARN_OBJC_LITERAL_CONVERSION = YES;
				CLANG_WARN_OBJC_ROOT_CLASS = YES_ERROR;
				CLANG_WARN_QUOTED_INCLUDE_IN_FRAMEWORK_HEADER = YES;
				CLANG_WARN_RANGE_LOOP_ANALYSIS = YES;
				CLANG_WARN_STRICT_PROTOTYPES = YES;
				CLANG_WARN_SUSPICIOUS_MOVE = YES;
				CLANG_WARN_UNGUARDED_AVAILABILITY = YES_AGGRESSIVE;
				CLANG_WARN_UNREACHABLE_CODE = YES;
				CLANG_WARN__DUPLICATE_METHOD_MATCH = YES;
				COPY_PHASE_STRIP = NO;
				DEBUG_INFORMATION_FORMAT = dwarf;
				ENABLE_STRICT_OBJC_MSGSEND = YES;
				ENABLE_TESTABILITY = YES;
				GCC_C_LANGUAGE_STANDARD = gnu11;
				GCC_DYNAMIC_NO_PIC = NO;
				GCC_NO_COMMON_BLOCKS = YES;
				GCC_OPTIMIZATION_LEVEL = 0;
				GCC_PREPROCESSOR_DEFINITIONS = (
					"DEBUG=1",
					"$(inherited)",
				);
				GCC_WARN_64_TO_32_BIT_CONVERSION = YES;
				GCC_WARN_ABOUT_RETURN_TYPE = YES_ERROR;
				GCC_WARN_UNDECLARED_SELECTOR = YES;
				GCC_WARN_UNINITIALIZED_AUTOS = YES_AGGRESSIVE;
				GCC_WARN_UNUSED_FUNCTION = YES;
				GCC_WARN_UNUSED_VARIABLE = YES;
				IPHONEOS_DEPLOYMENT_TARGET = 15.0;
				MTL_ENABLE_DEBUG_INFO = INCLUDE_SOURCE;
				MTL_FAST_MATH = YES;
				ONLY_ACTIVE_ARCH = YES;
				SDKROOT = iphoneos;
				SWIFT_ACTIVE_COMPILATION_CONDITIONS = DEBUG;
				SWIFT_OPTIMIZATION_LEVEL = "-Onone";
			};
			name = Debug;
		};
		AA0A47E327737E1700BD5D57 /* Release */ = {
			isa = XCBuildConfiguration;
			buildSettings = {
				ALWAYS_SEARCH_USER_PATHS = NO;
				CLANG_ANALYZER_NONNULL = YES;
				CLANG_ANALYZER_NUMBER_OBJECT_CONVERSION = YES_AGGRESSIVE;
				CLANG_CXX_LANGUAGE_STANDARD = "gnu++17";
				CLANG_CXX_LIBRARY = "libc++";
				CLANG_ENABLE_MODULES = YES;
				CLANG_ENABLE_OBJC_ARC = YES;
				CLANG_ENABLE_OBJC_WEAK = YES;
				CLANG_WARN_BLOCK_CAPTURE_AUTORELEASING = YES;
				CLANG_WARN_BOOL_CONVERSION = YES;
				CLANG_WARN_COMMA = YES;
				CLANG_WARN_CONSTANT_CONVERSION = YES;
				CLANG_WARN_DEPRECATED_OBJC_IMPLEMENTATIONS = YES;
				CLANG_WARN_DIRECT_OBJC_ISA_USAGE = YES_ERROR;
				CLANG_WARN_DOCUMENTATION_COMMENTS = YES;
				CLANG_WARN_EMPTY_BODY = YES;
				CLANG_WARN_ENUM_CONVERSION = YES;
				CLANG_WARN_INFINITE_RECURSION = YES;
				CLANG_WARN_INT_CONVERSION = YES;
				CLANG_WARN_NON_LITERAL_NULL_CONVERSION = YES;
				CLANG_WARN_OBJC_IMPLICIT_RETAIN_SELF = YES;
				CLANG_WARN_OBJC_LITERAL_CONVERSION = YES;
				CLANG_WARN_OBJC_ROOT_CLASS = YES_ERROR;
				CLANG_WARN_QUOTED_INCLUDE_IN_FRAMEWORK_HEADER = YES;
				CLANG_WARN_RANGE_LOOP_ANALYSIS = YES;
				CLANG_WARN_STRICT_PROTOTYPES = YES;
				CLANG_WARN_SUSPICIOUS_MOVE = YES;
				CLANG_WARN_UNGUARDED_AVAILABILITY = YES_AGGRESSIVE;
				CLANG_WARN_UNREACHABLE_CODE = YES;
				CLANG_WARN__DUPLICATE_METHOD_MATCH = YES;
				COPY_PHASE_STRIP = NO;
				DEBUG_INFORMATION_FORMAT = "dwarf-with-dsym";
				ENABLE_NS_ASSERTIONS = NO;
				ENABLE_STRICT_OBJC_MSGSEND = YES;
				GCC_C_LANGUAGE_STANDARD = gnu11;
				GCC_NO_COMMON_BLOCKS = YES;
				GCC_WARN_64_TO_32_BIT_CONVERSION = YES;
				GCC_WARN_ABOUT_RETURN_TYPE = YES_ERROR;
				GCC_WARN_UNDECLARED_SELECTOR = YES;
				GCC_WARN_UNINITIALIZED_AUTOS = YES_AGGRESSIVE;
				GCC_WARN_UNUSED_FUNCTION = YES;
				GCC_WARN_UNUSED_VARIABLE = YES;
				IPHONEOS_DEPLOYMENT_TARGET = 15.0;
				MTL_ENABLE_DEBUG_INFO = NO;
				MTL_FAST_MATH = YES;
				SDKROOT = iphoneos;
				SWIFT_COMPILATION_MODE = wholemodule;
				SWIFT_OPTIMIZATION_LEVEL = "-O";
				VALIDATE_PRODUCT = YES;
			};
			name = Release;
		};
		AA0A47E527737E1700BD5D57 /* Debug */ = {
			isa = XCBuildConfiguration;
			buildSettings = {
				ASSETCATALOG_COMPILER_APPICON_NAME = AppIcon;
				ASSETCATALOG_COMPILER_GLOBAL_ACCENT_COLOR_NAME = AccentColor;
				CODE_SIGN_STYLE = Automatic;
				CURRENT_PROJECT_VERSION = 1;
				DEVELOPMENT_ASSET_PATHS = "\"TraceTogetherClone/Preview Content\"";
				DEVELOPMENT_TEAM = 5Y8ZVY4N62;
				ENABLE_PREVIEWS = YES;
				GENERATE_INFOPLIST_FILE = YES;
				INFOPLIST_KEY_UIApplicationSceneManifest_Generation = YES;
				INFOPLIST_KEY_UIApplicationSupportsIndirectInputEvents = YES;
				INFOPLIST_KEY_UILaunchScreen_Generation = YES;
				INFOPLIST_KEY_UISupportedInterfaceOrientations_iPad = "UIInterfaceOrientationPortrait UIInterfaceOrientationPortraitUpsideDown UIInterfaceOrientationLandscapeLeft UIInterfaceOrientationLandscapeRight";
				INFOPLIST_KEY_UISupportedInterfaceOrientations_iPhone = "UIInterfaceOrientationPortrait UIInterfaceOrientationLandscapeLeft UIInterfaceOrientationLandscapeRight";
				IPHONEOS_DEPLOYMENT_TARGET = 14.0;
				LD_RUNPATH_SEARCH_PATHS = (
					"$(inherited)",
					"@executable_path/Frameworks",
				);
				MARKETING_VERSION = 1.0;
				PRODUCT_BUNDLE_IDENTIFIER = com.muhdmirzamz.TraceTogetherClone;
				PRODUCT_NAME = "$(TARGET_NAME)";
				SWIFT_EMIT_LOC_STRINGS = YES;
				SWIFT_VERSION = 5.0;
				TARGETED_DEVICE_FAMILY = "1,2";
			};
			name = Debug;
		};
		AA0A47E627737E1700BD5D57 /* Release */ = {
			isa = XCBuildConfiguration;
			buildSettings = {
				ASSETCATALOG_COMPILER_APPICON_NAME = AppIcon;
				ASSETCATALOG_COMPILER_GLOBAL_ACCENT_COLOR_NAME = AccentColor;
				CODE_SIGN_STYLE = Automatic;
				CURRENT_PROJECT_VERSION = 1;
				DEVELOPMENT_ASSET_PATHS = "\"TraceTogetherClone/Preview Content\"";
				DEVELOPMENT_TEAM = 5Y8ZVY4N62;
				ENABLE_PREVIEWS = YES;
				GENERATE_INFOPLIST_FILE = YES;
				INFOPLIST_KEY_UIApplicationSceneManifest_Generation = YES;
				INFOPLIST_KEY_UIApplicationSupportsIndirectInputEvents = YES;
				INFOPLIST_KEY_UILaunchScreen_Generation = YES;
				INFOPLIST_KEY_UISupportedInterfaceOrientations_iPad = "UIInterfaceOrientationPortrait UIInterfaceOrientationPortraitUpsideDown UIInterfaceOrientationLandscapeLeft UIInterfaceOrientationLandscapeRight";
				INFOPLIST_KEY_UISupportedInterfaceOrientations_iPhone = "UIInterfaceOrientationPortrait UIInterfaceOrientationLandscapeLeft UIInterfaceOrientationLandscapeRight";
				IPHONEOS_DEPLOYMENT_TARGET = 14.0;
				LD_RUNPATH_SEARCH_PATHS = (
					"$(inherited)",
					"@executable_path/Frameworks",
				);
				MARKETING_VERSION = 1.0;
				PRODUCT_BUNDLE_IDENTIFIER = com.muhdmirzamz.TraceTogetherClone;
				PRODUCT_NAME = "$(TARGET_NAME)";
				SWIFT_EMIT_LOC_STRINGS = YES;
				SWIFT_VERSION = 5.0;
				TARGETED_DEVICE_FAMILY = "1,2";
			};
			name = Release;
		};
/* End XCBuildConfiguration section */

/* Begin XCConfigurationList section */
		AA0A47D127737E1600BD5D57 /* Build configuration list for PBXProject "TraceTogetherClone" */ = {
			isa = XCConfigurationList;
			buildConfigurations = (
				AA0A47E227737E1700BD5D57 /* Debug */,
				AA0A47E327737E1700BD5D57 /* Release */,
			);
			defaultConfigurationIsVisible = 0;
			defaultConfigurationName = Release;
		};
		AA0A47E427737E1700BD5D57 /* Build configuration list for PBXNativeTarget "TraceTogetherClone" */ = {
			isa = XCConfigurationList;
			buildConfigurations = (
				AA0A47E527737E1700BD5D57 /* Debug */,
				AA0A47E627737E1700BD5D57 /* Release */,
			);
			defaultConfigurationIsVisible = 0;
			defaultConfigurationName = Release;
		};
/* End XCConfigurationList section */
	};
	rootObject = AA0A47CE27737E1600BD5D57 /* Project object */;
}
